<?xml version="1.0" encoding="utf-8"?>
<Project ToolsVersion="4.0" xmlns="http://schemas.microsoft.com/developer/msbuild/2003">
  <ItemGroup>
    <Filter Include="ソース ファイル">
      <UniqueIdentifier>{4FC737F1-C7A5-4376-A066-2A32D752A2FF}</UniqueIdentifier>
      <Extensions>cpp;c;cc;cxx;c++;def;odl;idl;hpj;bat;asm;asmx</Extensions>
    </Filter>
    <Filter Include="ヘッダー ファイル">
      <UniqueIdentifier>{93995380-89BD-4b04-88EB-625FBE52EBFB}</UniqueIdentifier>
      <Extensions>h;hh;hpp;hxx;h++;hm;inl;inc;ipp;xsd</Extensions>
    </Filter>
    <Filter Include="リソース ファイル">
      <UniqueIdentifier>{67DA6AB6-F800-4c08-8B7A-83BB121AAD01}</UniqueIdentifier>
      <Extensions>rc;ico;cur;bmp;dlg;rc2;rct;bin;rgs;gif;jpg;jpeg;jpe;resx;tiff;tif;png;wav;mfcribbon-ms</Extensions>
    </Filter>
    <Filter Include="ソース ファイル\Launcher">
      <UniqueIdentifier>{d9111ad2-79c1-482c-a8a2-a5c17288a40d}</UniqueIdentifier>
    </Filter>
    <Filter Include="ヘッダー ファイル\Launcher">
      <UniqueIdentifier>{79dd5c4e-3a13-4896-b131-9786285f25a2}</UniqueIdentifier>
    </Filter>
    <Filter Include="ソース ファイル\Enemy">
      <UniqueIdentifier>{07edc4a2-c4f8-4714-a408-eb0bcafaf407}</UniqueIdentifier>
    </Filter>
    <Filter Include="ヘッダー ファイル\Enemy">
      <UniqueIdentifier>{a1fcdad7-d6eb-45de-9cfc-363476f431fd}</UniqueIdentifier>
    </Filter>
    <Filter Include="ソース ファイル\BackGround">
      <UniqueIdentifier>{3dd9935f-ba6a-46a4-959c-ef560155cf1b}</UniqueIdentifier>
    </Filter>
    <Filter Include="ヘッダー ファイル\BackGorund">
      <UniqueIdentifier>{bccd3b81-4140-4438-b88a-b14a03e97e49}</UniqueIdentifier>
    </Filter>
    <Filter Include="ソース ファイル\Spawner">
      <UniqueIdentifier>{07b46e3b-9eb6-49a8-90c7-1cd0f8b20378}</UniqueIdentifier>
    </Filter>
    <Filter Include="ヘッダー ファイル\Spawner">
      <UniqueIdentifier>{9fbbf1a2-7a4c-430e-b360-22a27e976598}</UniqueIdentifier>
    </Filter>
  </ItemGroup>
  <ItemGroup>
    <ClCompile Include="Main.cpp">
      <Filter>ソース ファイル</Filter>
    </ClCompile>
    <ClCompile Include="Program\Resource.cpp">
      <Filter>ソース ファイル</Filter>
    </ClCompile>
    <ClCompile Include="Program\Scene.cpp">
      <Filter>ソース ファイル</Filter>
    </ClCompile>
    <ClCompile Include="Program\BulletBase.cpp">
      <Filter>ソース ファイル</Filter>
    </ClCompile>
    <ClCompile Include="Program\DXFunc.cpp">
      <Filter>ソース ファイル</Filter>
    </ClCompile>
    <ClCompile Include="Program\Func.cpp">
      <Filter>ソース ファイル</Filter>
    </ClCompile>
    <ClCompile Include="Program\Game.cpp">
      <Filter>ソース ファイル</Filter>
    </ClCompile>
    <ClCompile Include="Program\Input.cpp">
      <Filter>ソース ファイル</Filter>
    </ClCompile>
    <ClCompile Include="Program\Player.cpp">
      <Filter>ソース ファイル</Filter>
    </ClCompile>
    <ClCompile Include="Program\BattleScene.cpp">
      <Filter>ソース ファイル</Filter>
    </ClCompile>
    <ClCompile Include="Program\BaseBeam.cpp">
      <Filter>ソース ファイル</Filter>
    </ClCompile>
    <ClCompile Include="Program\BaseBullet.cpp">
      <Filter>ソース ファイル</Filter>
    </ClCompile>
    <ClCompile Include="Program\BaseEffect.cpp">
      <Filter>ソース ファイル</Filter>
    </ClCompile>
    <ClCompile Include="Program\CustomBullet.cpp">
      <Filter>ソース ファイル</Filter>
    </ClCompile>
    <ClCompile Include="Program\HomingBullet.cpp">
      <Filter>ソース ファイル</Filter>
    </ClCompile>
    <ClCompile Include="Program\Launcher\Launcher000.cpp">
      <Filter>ソース ファイル\Launcher</Filter>
    </ClCompile>
    <ClCompile Include="Program\Launcher\Launcher010.cpp">
      <Filter>ソース ファイル\Launcher</Filter>
    </ClCompile>
    <ClCompile Include="Program\BaseLauncher.cpp">
      <Filter>ソース ファイル\Launcher</Filter>
    </ClCompile>
    <ClCompile Include="Program\Enemy\MoveComponent.cpp">
      <Filter>ソース ファイル\Enemy</Filter>
    </ClCompile>
    <ClCompile Include="Program\Enemy\BaseEnemy.cpp">
      <Filter>ソース ファイル\Enemy</Filter>
    </ClCompile>
    <ClCompile Include="Program\BackGround\BackGround.cpp">
      <Filter>ソース ファイル\BackGround</Filter>
    </ClCompile>
    <ClCompile Include="Program\Enemy\BehaviorComponent.cpp">
      <Filter>ソース ファイル\Enemy</Filter>
    </ClCompile>
    <ClCompile Include="Program\BattleSceneCollision.cpp">
      <Filter>ソース ファイル</Filter>
    </ClCompile>
    <ClCompile Include="Program\BaseItem.cpp">
      <Filter>ソース ファイル</Filter>
    </ClCompile>
    <ClCompile Include="Program\Launcher\Launcher020.cpp">
      <Filter>ソース ファイル\Launcher</Filter>
    </ClCompile>
    <ClCompile Include="Program\Launcher\Launcher030.cpp">
      <Filter>ソース ファイル\Launcher</Filter>
    </ClCompile>
    <ClCompile Include="Program\Enemy\EnemySmall.cpp">
      <Filter>ソース ファイル\Enemy</Filter>
    </ClCompile>
    <ClCompile Include="Program\Enemy\EnemyLarge.cpp">
      <Filter>ソース ファイル\Enemy</Filter>
    </ClCompile>
    <ClCompile Include="Program\Enemy\EnemyMedium.cpp">
      <Filter>ソース ファイル\Enemy</Filter>
    </ClCompile>
    <ClCompile Include="Program\BattleSceneUI.cpp">
      <Filter>ソース ファイル</Filter>
    </ClCompile>
    <ClCompile Include="Program\StageManager.cpp">
      <Filter>ソース ファイル\Spawner</Filter>
    </ClCompile>
    <ClCompile Include="Program\Spawner\Spawner.cpp">
      <Filter>ソース ファイル\Spawner</Filter>
    </ClCompile>
    <ClCompile Include="Program\Enemy\EnemyS01.cpp">
      <Filter>ソース ファイル\Enemy</Filter>
    </ClCompile>
  </ItemGroup>
  <ItemGroup>
    <ClInclude Include="Program\BulletBase.h">
      <Filter>ヘッダー ファイル</Filter>
    </ClInclude>
    <ClInclude Include="Program\DXFunc.h">
      <Filter>ヘッダー ファイル</Filter>
    </ClInclude>
    <ClInclude Include="Program\Func.h">
      <Filter>ヘッダー ファイル</Filter>
    </ClInclude>
    <ClInclude Include="Program\Game.h">
      <Filter>ヘッダー ファイル</Filter>
    </ClInclude>
    <ClInclude Include="Program\Input.h">
      <Filter>ヘッダー ファイル</Filter>
    </ClInclude>
    <ClInclude Include="Program\Player.h">
      <Filter>ヘッダー ファイル</Filter>
    </ClInclude>
    <ClInclude Include="Program\Resource.h">
      <Filter>ヘッダー ファイル</Filter>
    </ClInclude>
    <ClInclude Include="Program\Scene.h">
      <Filter>ヘッダー ファイル</Filter>
    </ClInclude>
    <ClInclude Include="Program\BattleScene.h">
      <Filter>ヘッダー ファイル</Filter>
    </ClInclude>
    <ClInclude Include="Program\BaseBeam.h">
      <Filter>ヘッダー ファイル</Filter>
    </ClInclude>
    <ClInclude Include="Program\BaseBullet.h">
      <Filter>ヘッダー ファイル</Filter>
    </ClInclude>
    <ClInclude Include="Program\BaseEffect.h">
      <Filter>ヘッダー ファイル</Filter>
    </ClInclude>
    <ClInclude Include="Program\CustomBullet.h">
      <Filter>ヘッダー ファイル</Filter>
    </ClInclude>
    <ClInclude Include="Program\HomingBullet.h">
      <Filter>ヘッダー ファイル</Filter>
    </ClInclude>
    <ClInclude Include="Program\Launcher\Launcher000.h">
      <Filter>ヘッダー ファイル\Launcher</Filter>
    </ClInclude>
    <ClInclude Include="Program\Launcher\Launcher010.h">
      <Filter>ヘッダー ファイル\Launcher</Filter>
    </ClInclude>
    <ClInclude Include="Program\Launcher\Launcher.h">
      <Filter>ヘッダー ファイル\Launcher</Filter>
    </ClInclude>
    <ClInclude Include="Program\BaseLauncher.h">
      <Filter>ヘッダー ファイル\Launcher</Filter>
    </ClInclude>
    <ClInclude Include="Program\Enemy\BaseEnemy.h">
      <Filter>ヘッダー ファイル\Enemy</Filter>
    </ClInclude>
    <ClInclude Include="Program\Enemy\MoveComponent.h">
      <Filter>ヘッダー ファイル\Enemy</Filter>
    </ClInclude>
    <ClInclude Include="Program\BackGround\BackGround.h">
      <Filter>ヘッダー ファイル\BackGorund</Filter>
    </ClInclude>
    <ClInclude Include="Program\Enemy\BehaviorComponent.h">
      <Filter>ヘッダー ファイル\Enemy</Filter>
    </ClInclude>
    <ClInclude Include="Program\BaseItem.h">
      <Filter>ヘッダー ファイル</Filter>
    </ClInclude>
    <ClInclude Include="Program\Launcher\Launcher020.h">
      <Filter>ヘッダー ファイル\Launcher</Filter>
    </ClInclude>
    <ClInclude Include="Program\Launcher\Launcher030.h">
      <Filter>ヘッダー ファイル\Launcher</Filter>
    </ClInclude>
    <ClInclude Include="Program\Enemy\EnemySmall.h">
      <Filter>ヘッダー ファイル\Enemy</Filter>
    </ClInclude>
    <ClInclude Include="Program\Enemy\EnemyLarge.h">
      <Filter>ヘッダー ファイル\Enemy</Filter>
    </ClInclude>
    <ClInclude Include="Program\Enemy\EnemyMedium.h">
      <Filter>ヘッダー ファイル\Enemy</Filter>
    </ClInclude>
    <ClInclude Include="Program\BattleSceneUI.h">
      <Filter>ヘッダー ファイル</Filter>
    </ClInclude>
    <ClInclude Include="Program\GameDefine.h">
      <Filter>ヘッダー ファイル</Filter>
    </ClInclude>
    <ClInclude Include="Program\StageManager.h">
      <Filter>ヘッダー ファイル\Spawner</Filter>
    </ClInclude>
    <ClInclude Include="Program\Spawner\Spawner.h">
      <Filter>ヘッダー ファイル\Spawner</Filter>
    </ClInclude>
    <ClInclude Include="Program\Enemy\EnemyS01.h">
      <Filter>ヘッダー ファイル\Enemy</Filter>
    </ClInclude>
  </ItemGroup>
</Project>